PODS:
  - Alamofire (5.2.1)
  - PromiseKit (6.13.1):
    - PromiseKit/CorePromise (= 6.13.1)
    - PromiseKit/Foundation (= 6.13.1)
    - PromiseKit/UIKit (= 6.13.1)
  - PromiseKit/CorePromise (6.13.1)
  - PromiseKit/Foundation (6.13.1):
    - PromiseKit/CorePromise
  - PromiseKit/UIKit (6.13.1):
    - PromiseKit/CorePromise
  - Realm (5.2.0):
    - Realm/Headers (= 5.2.0)
  - Realm/Headers (5.2.0)
  - RealmSwift (5.2.0):
    - Realm (= 5.2.0)

DEPENDENCIES:
  - Alamofire (~> 5.2)
  - PromiseKit (~> 6.8)
  - RealmSwift

SPEC REPOS:
  trunk:
    - Alamofire
    - PromiseKit
    - Realm
    - RealmSwift

SPEC CHECKSUMS:
  Alamofire: e911732990610fe89af59ac0077f923d72dc3dfd
  PromiseKit: 28fda91c973cc377875d8c0ea4f973013c05b6db
  Realm: f749c723e272f08fdf1939af5e61d2bd09b203e8
  RealmSwift: bf0ab78b52c5bafba8b3ad73be8dfb4c1ea5cf01

PODFILE CHECKSUM: 973ae4c1bf32a50e847ff6964fb36e78f19b8134

COCOAPODS: 1.9.1
